
Microsoft Visual Studio Solution File, Format Version 10.00
# Visual Studio 2008
Project("{8BC9CEB8-8B4A-11D0-8D11-00A0C91BC942}") = "viewOBB", "viewOBB.vcproj", "{0034B593-F5E4-4D19-B2A6-7D8C83096070}"
EndProject
Global
	GlobalSection(SolutionConfigurationPlatforms) = preSolution
		Debug|Win32 = Debug|Win32
		Release|Win32 = Release|Win32
	EndGlobalSection
	GlobalSection(ProjectConfigurationPlatforms) = postSolution
		{0034B593-F5E4-4D19-B2A6-7D8C83096070}.Debug|Win32.ActiveCfg = Debug|Win32
		{0034B593-F5E4-4D19-B2A6-7D8C83096070}.Debug|Win32.Build.0 = Debug|Win32
		{0034B593-F5E4-4D19-B2A6-7D8C83096070}.Release|Win32.ActiveCfg = Release|Win32
		{0034B593-F5E4-4D19-B2A6-7D8C83096070}.Release|Win32.Build.0 = Release|Win32
	EndGlobalSection
	GlobalSection(SolutionProperties) = preSolution
		HideSolutionNode = FALSE
	EndGlobalSection
EndGlobal
